# This file is automatically @generated by Cargo.
# It is not intended for manual editing.
[[package]]
name = "app"
version = "0.1.0"
dependencies = [
 "library",
]

[[package]]
name = "library"
version = "0.1.0"
dependencies = [
 "serde",
]

[[package]]
name = "serde"
version = "1.0.119"
source = "registry+https://github.com/rust-lang/crates.io-index"
checksum = "9bdd36f49e35b61d49efd8aa7fc068fd295961fd2286d0b2ee9a4c7a14e99cc3"
